
Microsoft Visual Studio Solution File, Format Version 12.00
# Visual Studio Version 16
VisualStudioVersion = 16.0.29201.188
MinimumVisualStudioVersion = 10.0.40219.1
Project("{FAE04EC0-301F-11D3-BF4B-00C04F79EFBC}") = "ACM", "ACM\ACM.csproj", "{1DB60069-01C5-4507-A4A5-AB8B31408AF7}"
EndProject
Project("{2150E333-8FDC-42A3-9474-1A3956D46DE8}") = "Tests", "Tests", "{B92C0B08-7573-48A3-B8A0-0D53F92E7E2A}"
EndProject
Project("{FAE04EC0-301F-11D3-BF4B-00C04F79EFBC}") = "ACM.Test", "Tests\ACM.Test\ACM.Test.csproj", "{B8C99469-F43F-4A18-82F1-C6B992CB9AD8}"
EndProject
Global
	GlobalSection(SolutionConfigurationPlatforms) = preSolution
		Debug|Any CPU = Debug|Any CPU
		Release|Any CPU = Release|Any CPU
	EndGlobalSection
	GlobalSection(ProjectConfigurationPlatforms) = postSolution
		{1DB60069-01C5-4507-A4A5-AB8B31408AF7}.Debug|Any CPU.ActiveCfg = Debug|Any CPU
		{1DB60069-01C5-4507-A4A5-AB8B31408AF7}.Debug|Any CPU.Build.0 = Debug|Any CPU
		{1DB60069-01C5-4507-A4A5-AB8B31408AF7}.Release|Any CPU.ActiveCfg = Release|Any CPU
		{1DB60069-01C5-4507-A4A5-AB8B31408AF7}.Release|Any CPU.Build.0 = Release|Any CPU
		{B8C99469-F43F-4A18-82F1-C6B992CB9AD8}.Debug|Any CPU.ActiveCfg = Debug|Any CPU
		{B8C99469-F43F-4A18-82F1-C6B992CB9AD8}.Debug|Any CPU.Build.0 = Debug|Any CPU
		{B8C99469-F43F-4A18-82F1-C6B992CB9AD8}.Release|Any CPU.ActiveCfg = Release|Any CPU
		{B8C99469-F43F-4A18-82F1-C6B992CB9AD8}.Release|Any CPU.Build.0 = Release|Any CPU
	EndGlobalSection
	GlobalSection(SolutionProperties) = preSolution
		HideSolutionNode = FALSE
	EndGlobalSection
	GlobalSection(NestedProjects) = preSolution
		{B8C99469-F43F-4A18-82F1-C6B992CB9AD8} = {B92C0B08-7573-48A3-B8A0-0D53F92E7E2A}
	EndGlobalSection
	GlobalSection(ExtensibilityGlobals) = postSolution
		SolutionGuid = {AA8321CE-FA38-4CAF-BE05-9E7AA6830C1A}
	EndGlobalSection
EndGlobal
